
Microsoft Visual Studio Solution File, Format Version 12.00
# Visual Studio Version 16
VisualStudioVersion = 16.0.28803.452
MinimumVisualStudioVersion = 10.0.40219.1
Project("{9A19103F-16F7-4668-BE54-9A1E7A4F7556}") = "Avaliacao.Application", "AvaliacaoTecnica\Avaliacao.Application.csproj", "{9035D6C6-862C-4024-94AD-52F9978C8EC3}"
EndProject
Project("{2150E333-8FDC-42A3-9474-1A3956D46DE8}") = "1 - Application", "1 - Application", "{9698D8DF-80A8-4A9C-A8B4-4BB93FB79A42}"
EndProject
Project("{2150E333-8FDC-42A3-9474-1A3956D46DE8}") = "2 - Domain", "2 - Domain", "{D8A99D8B-FCF0-44D7-AF8B-00CB6A88B9C3}"
EndProject
Project("{2150E333-8FDC-42A3-9474-1A3956D46DE8}") = "4 - Infra", "4 - Infra", "{577338BE-45C4-4A5B-94B8-44C76381DBF4}"
EndProject
Project("{2150E333-8FDC-42A3-9474-1A3956D46DE8}") = "3 -Service", "3 -Service", "{2541CB9A-DBE4-42A4-926E-A746BCB86921}"
EndProject
Project("{2150E333-8FDC-42A3-9474-1A3956D46DE8}") = "4.1 - Data", "4.1 - Data", "{B559012D-FA25-4F0E-AF8F-F84833B5588D}"
EndProject
Project("{2150E333-8FDC-42A3-9474-1A3956D46DE8}") = "4.2 - CrossCutting", "4.2 - CrossCutting", "{FF42006A-000F-4120-BF6F-7D18ABB02CD0}"
EndProject
Project("{9A19103F-16F7-4668-BE54-9A1E7A4F7556}") = "Avaliacao.Domain", "Icatu.Domain\Avaliacao.Domain.csproj", "{95F3ED16-8A54-482C-A624-9D99B3412C12}"
EndProject
Project("{9A19103F-16F7-4668-BE54-9A1E7A4F7556}") = "Avaliacao.Service", "Icatu.Service\Avaliacao.Service.csproj", "{0A835CF1-2A79-4D53-BC29-E0BBDD236B6D}"
EndProject
Project("{9A19103F-16F7-4668-BE54-9A1E7A4F7556}") = "Avaliacao.Infra.Data", "Icatu.Infra.Data\Avaliacao.Infra.Data.csproj", "{073D05FB-4976-4BDB-A0E3-19B7B6B6A58B}"
EndProject
Project("{9A19103F-16F7-4668-BE54-9A1E7A4F7556}") = "Avaliacao.Infra.CrossCutting", "Icatu.Infra.CrossCutting\Avaliacao.Infra.CrossCutting.csproj", "{DE5AE5D8-731E-4549-B589-C6CD2DA41E75}"
EndProject
Project("{2150E333-8FDC-42A3-9474-1A3956D46DE8}") = "5 - Database", "5 - Database", "{B43F9446-4A7B-46F2-A44D-E89A9D860BD8}"
EndProject
Project("{00D1A9C2-B5F0-4AF3-8072-F6C62B433612}") = "Avaliacao.Database", "Icatu.Database\Avaliacao.Database.sqlproj", "{0E053043-52B4-47C4-BCEE-261FFC501BB7}"
EndProject
Project("{2150E333-8FDC-42A3-9474-1A3956D46DE8}") = "6 - Test", "6 - Test", "{6E7232C6-4E70-4D5D-94C9-758AB89B6F4A}"
EndProject
Project("{9A19103F-16F7-4668-BE54-9A1E7A4F7556}") = "Avaliacao.Test", "Icatu.Test\Avaliacao.Test.csproj", "{2F37EB3F-6543-406A-8097-C23F692F3A66}"
EndProject
Global
	GlobalSection(SolutionConfigurationPlatforms) = preSolution
		Debug|Any CPU = Debug|Any CPU
		Release|Any CPU = Release|Any CPU
	EndGlobalSection
	GlobalSection(ProjectConfigurationPlatforms) = postSolution
		{9035D6C6-862C-4024-94AD-52F9978C8EC3}.Debug|Any CPU.ActiveCfg = Debug|Any CPU
		{9035D6C6-862C-4024-94AD-52F9978C8EC3}.Debug|Any CPU.Build.0 = Debug|Any CPU
		{9035D6C6-862C-4024-94AD-52F9978C8EC3}.Release|Any CPU.ActiveCfg = Release|Any CPU
		{9035D6C6-862C-4024-94AD-52F9978C8EC3}.Release|Any CPU.Build.0 = Release|Any CPU
		{95F3ED16-8A54-482C-A624-9D99B3412C12}.Debug|Any CPU.ActiveCfg = Debug|Any CPU
		{95F3ED16-8A54-482C-A624-9D99B3412C12}.Debug|Any CPU.Build.0 = Debug|Any CPU
		{95F3ED16-8A54-482C-A624-9D99B3412C12}.Release|Any CPU.ActiveCfg = Release|Any CPU
		{95F3ED16-8A54-482C-A624-9D99B3412C12}.Release|Any CPU.Build.0 = Release|Any CPU
		{0A835CF1-2A79-4D53-BC29-E0BBDD236B6D}.Debug|Any CPU.ActiveCfg = Debug|Any CPU
		{0A835CF1-2A79-4D53-BC29-E0BBDD236B6D}.Debug|Any CPU.Build.0 = Debug|Any CPU
		{0A835CF1-2A79-4D53-BC29-E0BBDD236B6D}.Release|Any CPU.ActiveCfg = Release|Any CPU
		{0A835CF1-2A79-4D53-BC29-E0BBDD236B6D}.Release|Any CPU.Build.0 = Release|Any CPU
		{073D05FB-4976-4BDB-A0E3-19B7B6B6A58B}.Debug|Any CPU.ActiveCfg = Debug|Any CPU
		{073D05FB-4976-4BDB-A0E3-19B7B6B6A58B}.Debug|Any CPU.Build.0 = Debug|Any CPU
		{073D05FB-4976-4BDB-A0E3-19B7B6B6A58B}.Release|Any CPU.ActiveCfg = Release|Any CPU
		{073D05FB-4976-4BDB-A0E3-19B7B6B6A58B}.Release|Any CPU.Build.0 = Release|Any CPU
		{DE5AE5D8-731E-4549-B589-C6CD2DA41E75}.Debug|Any CPU.ActiveCfg = Debug|Any CPU
		{DE5AE5D8-731E-4549-B589-C6CD2DA41E75}.Debug|Any CPU.Build.0 = Debug|Any CPU
		{DE5AE5D8-731E-4549-B589-C6CD2DA41E75}.Release|Any CPU.ActiveCfg = Release|Any CPU
		{DE5AE5D8-731E-4549-B589-C6CD2DA41E75}.Release|Any CPU.Build.0 = Release|Any CPU
		{0E053043-52B4-47C4-BCEE-261FFC501BB7}.Debug|Any CPU.ActiveCfg = Debug|Any CPU
		{0E053043-52B4-47C4-BCEE-261FFC501BB7}.Debug|Any CPU.Build.0 = Debug|Any CPU
		{0E053043-52B4-47C4-BCEE-261FFC501BB7}.Debug|Any CPU.Deploy.0 = Debug|Any CPU
		{0E053043-52B4-47C4-BCEE-261FFC501BB7}.Release|Any CPU.ActiveCfg = Release|Any CPU
		{0E053043-52B4-47C4-BCEE-261FFC501BB7}.Release|Any CPU.Build.0 = Release|Any CPU
		{0E053043-52B4-47C4-BCEE-261FFC501BB7}.Release|Any CPU.Deploy.0 = Release|Any CPU
		{2F37EB3F-6543-406A-8097-C23F692F3A66}.Debug|Any CPU.ActiveCfg = Debug|Any CPU
		{2F37EB3F-6543-406A-8097-C23F692F3A66}.Debug|Any CPU.Build.0 = Debug|Any CPU
		{2F37EB3F-6543-406A-8097-C23F692F3A66}.Release|Any CPU.ActiveCfg = Release|Any CPU
		{2F37EB3F-6543-406A-8097-C23F692F3A66}.Release|Any CPU.Build.0 = Release|Any CPU
	EndGlobalSection
	GlobalSection(SolutionProperties) = preSolution
		HideSolutionNode = FALSE
	EndGlobalSection
	GlobalSection(NestedProjects) = preSolution
		{9035D6C6-862C-4024-94AD-52F9978C8EC3} = {9698D8DF-80A8-4A9C-A8B4-4BB93FB79A42}
		{B559012D-FA25-4F0E-AF8F-F84833B5588D} = {577338BE-45C4-4A5B-94B8-44C76381DBF4}
		{FF42006A-000F-4120-BF6F-7D18ABB02CD0} = {577338BE-45C4-4A5B-94B8-44C76381DBF4}
		{95F3ED16-8A54-482C-A624-9D99B3412C12} = {D8A99D8B-FCF0-44D7-AF8B-00CB6A88B9C3}
		{0A835CF1-2A79-4D53-BC29-E0BBDD236B6D} = {2541CB9A-DBE4-42A4-926E-A746BCB86921}
		{073D05FB-4976-4BDB-A0E3-19B7B6B6A58B} = {B559012D-FA25-4F0E-AF8F-F84833B5588D}
		{DE5AE5D8-731E-4549-B589-C6CD2DA41E75} = {FF42006A-000F-4120-BF6F-7D18ABB02CD0}
		{0E053043-52B4-47C4-BCEE-261FFC501BB7} = {B43F9446-4A7B-46F2-A44D-E89A9D860BD8}
		{2F37EB3F-6543-406A-8097-C23F692F3A66} = {6E7232C6-4E70-4D5D-94C9-758AB89B6F4A}
	EndGlobalSection
	GlobalSection(ExtensibilityGlobals) = postSolution
		SolutionGuid = {8AA8AB80-F92F-428A-A0D9-19738A40E1F6}
	EndGlobalSection
EndGlobal
