
Microsoft Visual Studio Solution File, Format Version 12.00
# Visual Studio Version 16
VisualStudioVersion = 16.0.28803.452
MinimumVisualStudioVersion = 10.0.40219.1
Project("{9A19103F-16F7-4668-BE54-9A1E7A4F7556}") = "Avaliacao.Application", "AvaliacaoTecnica\Avaliacao.Application.csproj", "{9035D6C6-862C-4024-94AD-52F9978C8EC3}"
EndProject
Project("{2150E333-8FDC-42A3-9474-1A3956D46DE8}") = "1 - Application", "1 - Application", "{9698D8DF-80A8-4A9C-A8B4-4BB93FB79A42}"
EndProject
Project("{2150E333-8FDC-42A3-9474-1A3956D46DE8}") = "2 - Domain", "2 - Domain", "{D8A99D8B-FCF0-44D7-AF8B-00CB6A88B9C3}"
EndProject
Project("{2150E333-8FDC-42A3-9474-1A3956D46DE8}") = "4 - Infra", "4 - Infra", "{577338BE-45C4-4A5B-94B8-44C76381DBF4}"
EndProject
Project("{2150E333-8FDC-42A3-9474-1A3956D46DE8}") = "3 -Service", "3 -Service", "{2541CB9A-DBE4-42A4-926E-A746BCB86921}"
EndProject
Project("{2150E333-8FDC-42A3-9474-1A3956D46DE8}") = "4.1 - Data", "4.1 - Data", "{B559012D-FA25-4F0E-AF8F-F84833B5588D}"
EndProject
Project("{2150E333-8FDC-42A3-9474-1A3956D46DE8}") = "4.2 - CrossCutting", "4.2 - CrossCutting", "{FF42006A-000F-4120-BF6F-7D18ABB02CD0}"
EndProject
Project("{2150E333-8FDC-42A3-9474-1A3956D46DE8}") = "5 - Database", "5 - Database", "{B43F9446-4A7B-46F2-A44D-E89A9D860BD8}"
EndProject
Project("{2150E333-8FDC-42A3-9474-1A3956D46DE8}") = "6 - Test", "6 - Test", "{6E7232C6-4E70-4D5D-94C9-758AB89B6F4A}"
EndProject
Project("{9A19103F-16F7-4668-BE54-9A1E7A4F7556}") = "Avaliacao.Domain", "Avaliacao.Domain\Avaliacao.Domain.csproj", "{B9E93DE2-D5E5-423F-94F0-2F93B8B59859}"
EndProject
Project("{9A19103F-16F7-4668-BE54-9A1E7A4F7556}") = "Avaliacao.Service", "Avaliacao.Service\Avaliacao.Service.csproj", "{43D6337D-1AB2-4CD6-937E-67996F4F0F8D}"
EndProject
Project("{9A19103F-16F7-4668-BE54-9A1E7A4F7556}") = "Avaliacao.Infra.Data", "Avaliacao.Infra.Data\Avaliacao.Infra.Data.csproj", "{EA076FCB-A938-47DA-BC8B-85CC867FEDD8}"
EndProject
Project("{9A19103F-16F7-4668-BE54-9A1E7A4F7556}") = "Avaliacao.Infra.CrossCutting", "Avaliacao.Infra.CrossCutting\Avaliacao.Infra.CrossCutting.csproj", "{FE40110C-B3F5-4342-910C-0B735226E814}"
EndProject
Project("{00D1A9C2-B5F0-4AF3-8072-F6C62B433612}") = "Avaliacao.Database", "Avaliacao.Database\Avaliacao.Database.sqlproj", "{0E053043-52B4-47C4-BCEE-261FFC501BB7}"
EndProject
Project("{9A19103F-16F7-4668-BE54-9A1E7A4F7556}") = "Avaliacao.Test", "Avaliacao.Test\Avaliacao.Test.csproj", "{EAE01E60-86A7-49DB-8DC9-1B29269A451D}"
EndProject
Global
	GlobalSection(SolutionConfigurationPlatforms) = preSolution
		Debug|Any CPU = Debug|Any CPU
		Release|Any CPU = Release|Any CPU
	EndGlobalSection
	GlobalSection(ProjectConfigurationPlatforms) = postSolution
		{9035D6C6-862C-4024-94AD-52F9978C8EC3}.Debug|Any CPU.ActiveCfg = Debug|Any CPU
		{9035D6C6-862C-4024-94AD-52F9978C8EC3}.Debug|Any CPU.Build.0 = Debug|Any CPU
		{9035D6C6-862C-4024-94AD-52F9978C8EC3}.Release|Any CPU.ActiveCfg = Release|Any CPU
		{9035D6C6-862C-4024-94AD-52F9978C8EC3}.Release|Any CPU.Build.0 = Release|Any CPU
		{B9E93DE2-D5E5-423F-94F0-2F93B8B59859}.Debug|Any CPU.ActiveCfg = Debug|Any CPU
		{B9E93DE2-D5E5-423F-94F0-2F93B8B59859}.Debug|Any CPU.Build.0 = Debug|Any CPU
		{B9E93DE2-D5E5-423F-94F0-2F93B8B59859}.Release|Any CPU.ActiveCfg = Release|Any CPU
		{B9E93DE2-D5E5-423F-94F0-2F93B8B59859}.Release|Any CPU.Build.0 = Release|Any CPU
		{43D6337D-1AB2-4CD6-937E-67996F4F0F8D}.Debug|Any CPU.ActiveCfg = Debug|Any CPU
		{43D6337D-1AB2-4CD6-937E-67996F4F0F8D}.Debug|Any CPU.Build.0 = Debug|Any CPU
		{43D6337D-1AB2-4CD6-937E-67996F4F0F8D}.Release|Any CPU.ActiveCfg = Release|Any CPU
		{43D6337D-1AB2-4CD6-937E-67996F4F0F8D}.Release|Any CPU.Build.0 = Release|Any CPU
		{EA076FCB-A938-47DA-BC8B-85CC867FEDD8}.Debug|Any CPU.ActiveCfg = Debug|Any CPU
		{EA076FCB-A938-47DA-BC8B-85CC867FEDD8}.Debug|Any CPU.Build.0 = Debug|Any CPU
		{EA076FCB-A938-47DA-BC8B-85CC867FEDD8}.Release|Any CPU.ActiveCfg = Release|Any CPU
		{EA076FCB-A938-47DA-BC8B-85CC867FEDD8}.Release|Any CPU.Build.0 = Release|Any CPU
		{FE40110C-B3F5-4342-910C-0B735226E814}.Debug|Any CPU.ActiveCfg = Debug|Any CPU
		{FE40110C-B3F5-4342-910C-0B735226E814}.Debug|Any CPU.Build.0 = Debug|Any CPU
		{FE40110C-B3F5-4342-910C-0B735226E814}.Release|Any CPU.ActiveCfg = Release|Any CPU
		{FE40110C-B3F5-4342-910C-0B735226E814}.Release|Any CPU.Build.0 = Release|Any CPU
		{0E053043-52B4-47C4-BCEE-261FFC501BB7}.Debug|Any CPU.ActiveCfg = Debug|Any CPU
		{0E053043-52B4-47C4-BCEE-261FFC501BB7}.Debug|Any CPU.Build.0 = Debug|Any CPU
		{0E053043-52B4-47C4-BCEE-261FFC501BB7}.Debug|Any CPU.Deploy.0 = Debug|Any CPU
		{0E053043-52B4-47C4-BCEE-261FFC501BB7}.Release|Any CPU.ActiveCfg = Release|Any CPU
		{0E053043-52B4-47C4-BCEE-261FFC501BB7}.Release|Any CPU.Build.0 = Release|Any CPU
		{0E053043-52B4-47C4-BCEE-261FFC501BB7}.Release|Any CPU.Deploy.0 = Release|Any CPU
		{EAE01E60-86A7-49DB-8DC9-1B29269A451D}.Debug|Any CPU.ActiveCfg = Debug|Any CPU
		{EAE01E60-86A7-49DB-8DC9-1B29269A451D}.Debug|Any CPU.Build.0 = Debug|Any CPU
		{EAE01E60-86A7-49DB-8DC9-1B29269A451D}.Release|Any CPU.ActiveCfg = Release|Any CPU
		{EAE01E60-86A7-49DB-8DC9-1B29269A451D}.Release|Any CPU.Build.0 = Release|Any CPU
	EndGlobalSection
	GlobalSection(SolutionProperties) = preSolution
		HideSolutionNode = FALSE
	EndGlobalSection
	GlobalSection(NestedProjects) = preSolution
		{9035D6C6-862C-4024-94AD-52F9978C8EC3} = {9698D8DF-80A8-4A9C-A8B4-4BB93FB79A42}
		{B559012D-FA25-4F0E-AF8F-F84833B5588D} = {577338BE-45C4-4A5B-94B8-44C76381DBF4}
		{FF42006A-000F-4120-BF6F-7D18ABB02CD0} = {577338BE-45C4-4A5B-94B8-44C76381DBF4}
		{B9E93DE2-D5E5-423F-94F0-2F93B8B59859} = {D8A99D8B-FCF0-44D7-AF8B-00CB6A88B9C3}
		{43D6337D-1AB2-4CD6-937E-67996F4F0F8D} = {2541CB9A-DBE4-42A4-926E-A746BCB86921}
		{EA076FCB-A938-47DA-BC8B-85CC867FEDD8} = {B559012D-FA25-4F0E-AF8F-F84833B5588D}
		{FE40110C-B3F5-4342-910C-0B735226E814} = {FF42006A-000F-4120-BF6F-7D18ABB02CD0}
		{0E053043-52B4-47C4-BCEE-261FFC501BB7} = {B43F9446-4A7B-46F2-A44D-E89A9D860BD8}
		{EAE01E60-86A7-49DB-8DC9-1B29269A451D} = {6E7232C6-4E70-4D5D-94C9-758AB89B6F4A}
	EndGlobalSection
	GlobalSection(ExtensibilityGlobals) = postSolution
		SolutionGuid = {8AA8AB80-F92F-428A-A0D9-19738A40E1F6}
	EndGlobalSection
EndGlobal
